# THIS IS AN AUTOGENERATED FILE. DO NOT EDIT THIS FILE DIRECTLY.
# yarn lockfile v1


diary@0.1.2:
  version "0.1.2"
  resolved "https://registry.yarnpkg.com/diary/-/diary-0.1.2.tgz#c71e659073127419907fea3fa840557ba3dc4041"
  integrity sha512-Fb5GE6gULo+QT0utvGJEyXMvstd+90EtFuISw+TEfB9I5cmbyHsoNWsVBx5kW44/tfmcYu9c3SJf8sDn86e/sg==

typescript@4.3.2:
  version "4.3.2"
  resolved "https://registry.yarnpkg.com/typescript/-/typescript-4.3.2.tgz#399ab18aac45802d6f2498de5054fcbbe716a805"
  integrity sha512-zZ4hShnmnoVnAHpVHWpTcxdv7dWP60S2FsydQLV8V5PbS3FifjWFFRiHSWpDJahly88PRyV5teTSLoq4eG7mKw==
